
Microsoft Visual Studio Solution File, Format Version 12.00
Project("{FAE04EC0-301F-11D3-BF4B-00C04F79EFBC}") = "RecipesGrpc", "RecipesGrpc.csproj", "{1441058C-A5F2-4EAE-A0A3-F6114B2AAFAF}"
EndProject
Global
	GlobalSection(SolutionConfigurationPlatforms) = preSolution
		Debug|Any CPU = Debug|Any CPU
		Release|Any CPU = Release|Any CPU
	EndGlobalSection
	GlobalSection(ProjectConfigurationPlatforms) = postSolution
		{1441058C-A5F2-4EAE-A0A3-F6114B2AAFAF}.Debug|Any CPU.ActiveCfg = Debug|Any CPU
		{1441058C-A5F2-4EAE-A0A3-F6114B2AAFAF}.Debug|Any CPU.Build.0 = Debug|Any CPU
		{1441058C-A5F2-4EAE-A0A3-F6114B2AAFAF}.Release|Any CPU.ActiveCfg = Release|Any CPU
		{1441058C-A5F2-4EAE-A0A3-F6114B2AAFAF}.Release|Any CPU.Build.0 = Release|Any CPU
	EndGlobalSection
EndGlobal
